
Microsoft Visual Studio Solution File, Format Version 12.00
# Visual Studio Version 17
VisualStudioVersion = 17.8.34511.84
MinimumVisualStudioVersion = 10.0.40219.1
Project("{FAE04EC0-301F-11D3-BF4B-00C04F79EFBC}") = "VSComMariaDB", "VSComMariaDB.csproj", "{D88119F3-4EEC-4CD6-9C7F-DC6FA7C8F677}"
EndProject
Global
	GlobalSection(SolutionConfigurationPlatforms) = preSolution
		Debug|Any CPU = Debug|Any CPU
		Release|Any CPU = Release|Any CPU
	EndGlobalSection
	GlobalSection(ProjectConfigurationPlatforms) = postSolution
		{D88119F3-4EEC-4CD6-9C7F-DC6FA7C8F677}.Debug|Any CPU.ActiveCfg = Debug|Any CPU
		{D88119F3-4EEC-4CD6-9C7F-DC6FA7C8F677}.Debug|Any CPU.Build.0 = Debug|Any CPU
		{D88119F3-4EEC-4CD6-9C7F-DC6FA7C8F677}.Release|Any CPU.ActiveCfg = Release|Any CPU
		{D88119F3-4EEC-4CD6-9C7F-DC6FA7C8F677}.Release|Any CPU.Build.0 = Release|Any CPU
	EndGlobalSection
	GlobalSection(SolutionProperties) = preSolution
		HideSolutionNode = FALSE
	EndGlobalSection
	GlobalSection(ExtensibilityGlobals) = postSolution
		SolutionGuid = {E755FCD0-135E-4858-AD60-E9F8C9ED0276}
	EndGlobalSection
EndGlobal
